// !$*UTF8*$!
{
	archiveVersion = 1;
	classes = {
	};
	objectVersion = 46;
	objects = {

/* Begin PBXBuildFile section */
		4858263D18AA69E70099A71D /* Foundation.framework in Frameworks */ = {isa = PBXBuildFile; fileRef = 4858263C18AA69E70099A71D /* Foundation.framework */; };
		4858263F18AA69E70099A71D /* CoreGraphics.framework in Frameworks */ = {isa = PBXBuildFile; fileRef = 4858263E18AA69E70099A71D /* CoreGraphics.framework */; };
		4858264118AA69E70099A71D /* UIKit.framework in Frameworks */ = {isa = PBXBuildFile; fileRef = 4858264018AA69E70099A71D /* UIKit.framework */; };
		4858264718AA69E70099A71D /* InfoPlist.strings in Resources */ = {isa = PBXBuildFile; fileRef = 4858264518AA69E70099A71D /* InfoPlist.strings */; };
		4858264918AA69E70099A71D /* main.m in Sources */ = {isa = PBXBuildFile; fileRef = 4858264818AA69E70099A71D /* main.m */; };
		4858264D18AA69E70099A71D /* v1AppDelegate.m in Sources */ = {isa = PBXBuildFile; fileRef = 4858264C18AA69E70099A71D /* v1AppDelegate.m */; };
		4858264F18AA69E70099A71D /* Images.xcassets in Resources */ = {isa = PBXBuildFile; fileRef = 4858264E18AA69E70099A71D /* Images.xcassets */; };
		4858265618AA69E80099A71D /* XCTest.framework in Frameworks */ = {isa = PBXBuildFile; fileRef = 4858265518AA69E80099A71D /* XCTest.framework */; };
		4858265718AA69E80099A71D /* Foundation.framework in Frameworks */ = {isa = PBXBuildFile; fileRef = 4858263C18AA69E70099A71D /* Foundation.framework */; };
		4858265818AA69E80099A71D /* UIKit.framework in Frameworks */ = {isa = PBXBuildFile; fileRef = 4858264018AA69E70099A71D /* UIKit.framework */; };
		4858266018AA69E80099A71D /* InfoPlist.strings in Resources */ = {isa = PBXBuildFile; fileRef = 4858265E18AA69E80099A71D /* InfoPlist.strings */; };
		4858266218AA69E80099A71D /* ToDoListTests.m in Sources */ = {isa = PBXBuildFile; fileRef = 4858266118AA69E80099A71D /* ToDoListTests.m */; };
		4858266C18AA6F220099A71D /* main.storyboard in Resources */ = {isa = PBXBuildFile; fileRef = 4858266B18AA6F220099A71D /* main.storyboard */; };
		4858266F18AA777E0099A71D /* v1AddToDoItemViewController.m in Sources */ = {isa = PBXBuildFile; fileRef = 4858266E18AA777E0099A71D /* v1AddToDoItemViewController.m */; };
		4858267218AA77E30099A71D /* v1ToDoListViewController.m in Sources */ = {isa = PBXBuildFile; fileRef = 4858267118AA77E30099A71D /* v1ToDoListViewController.m */; };
		4858267518AA79430099A71D /* v1ToDoItem.m in Sources */ = {isa = PBXBuildFile; fileRef = 4858267418AA79430099A71D /* v1ToDoItem.m */; };
/* End PBXBuildFile section */

/* Begin PBXContainerItemProxy section */
		4858265918AA69E80099A71D /* PBXContainerItemProxy */ = {
			isa = PBXContainerItemProxy;
			containerPortal = 4858263118AA69E70099A71D /* Project object */;
			proxyType = 1;
			remoteGlobalIDString = 4858263818AA69E70099A71D;
			remoteInfo = ToDoList;
		};
/* End PBXContainerItemProxy section */

/* Begin PBXFileReference section */
		4858263918AA69E70099A71D /* ToDoList.app */ = {isa = PBXFileReference; explicitFileType = wrapper.application; includeInIndex = 0; path = ToDoList.app; sourceTree = BUILT_PRODUCTS_DIR; };
		4858263C18AA69E70099A71D /* Foundation.framework */ = {isa = PBXFileReference; lastKnownFileType = wrapper.framework; name = Foundation.framework; path = System/Library/Frameworks/Foundation.framework; sourceTree = SDKROOT; };
		4858263E18AA69E70099A71D /* CoreGraphics.framework */ = {isa = PBXFileReference; lastKnownFileType = wrapper.framework; name = CoreGraphics.framework; path = System/Library/Frameworks/CoreGraphics.framework; sourceTree = SDKROOT; };
		4858264018AA69E70099A71D /* UIKit.framework */ = {isa = PBXFileReference; lastKnownFileType = wrapper.framework; name = UIKit.framework; path = System/Library/Frameworks/UIKit.framework; sourceTree = SDKROOT; };
		4858264418AA69E70099A71D /* ToDoList-Info.plist */ = {isa = PBXFileReference; lastKnownFileType = text.plist.xml; path = "ToDoList-Info.plist"; sourceTree = "<group>"; };
		4858264618AA69E70099A71D /* en */ = {isa = PBXFileReference; lastKnownFileType = text.plist.strings; name = en; path = en.lproj/InfoPlist.strings; sourceTree = "<group>"; };
		4858264818AA69E70099A71D /* main.m */ = {isa = PBXFileReference; lastKnownFileType = sourcecode.c.objc; path = main.m; sourceTree = "<group>"; };
		4858264A18AA69E70099A71D /* ToDoList-Prefix.pch */ = {isa = PBXFileReference; lastKnownFileType = sourcecode.c.h; path = "ToDoList-Prefix.pch"; sourceTree = "<group>"; };
		4858264B18AA69E70099A71D /* v1AppDelegate.h */ = {isa = PBXFileReference; lastKnownFileType = sourcecode.c.h; path = v1AppDelegate.h; sourceTree = "<group>"; };
		4858264C18AA69E70099A71D /* v1AppDelegate.m */ = {isa = PBXFileReference; lastKnownFileType = sourcecode.c.objc; path = v1AppDelegate.m; sourceTree = "<group>"; };
		4858264E18AA69E70099A71D /* Images.xcassets */ = {isa = PBXFileReference; lastKnownFileType = folder.assetcatalog; path = Images.xcassets; sourceTree = "<group>"; };
		4858265418AA69E80099A71D /* ToDoListTests.xctest */ = {isa = PBXFileReference; explicitFileType = wrapper.cfbundle; includeInIndex = 0; path = ToDoListTests.xctest; sourceTree = BUILT_PRODUCTS_DIR; };
		4858265518AA69E80099A71D /* XCTest.framework */ = {isa = PBXFileReference; lastKnownFileType = wrapper.framework; name = XCTest.framework; path = Library/Frameworks/XCTest.framework; sourceTree = DEVELOPER_DIR; };
		4858265D18AA69E80099A71D /* ToDoListTests-Info.plist */ = {isa = PBXFileReference; lastKnownFileType = text.plist.xml; path = "ToDoListTests-Info.plist"; sourceTree = "<group>"; };
		4858265F18AA69E80099A71D /* en */ = {isa = PBXFileReference; lastKnownFileType = text.plist.strings; name = en; path = en.lproj/InfoPlist.strings; sourceTree = "<group>"; };
		4858266118AA69E80099A71D /* ToDoListTests.m */ = {isa = PBXFileReference; lastKnownFileType = sourcecode.c.objc; path = ToDoListTests.m; sourceTree = "<group>"; };
		4858266B18AA6F220099A71D /* main.storyboard */ = {isa = PBXFileReference; fileEncoding = 4; lastKnownFileType = file.storyboard; path = main.storyboard; sourceTree = "<group>"; };
		4858266D18AA777E0099A71D /* v1AddToDoItemViewController.h */ = {isa = PBXFileReference; fileEncoding = 4; lastKnownFileType = sourcecode.c.h; path = v1AddToDoItemViewController.h; sourceTree = "<group>"; };
		4858266E18AA777E0099A71D /* v1AddToDoItemViewController.m */ = {isa = PBXFileReference; fileEncoding = 4; lastKnownFileType = sourcecode.c.objc; path = v1AddToDoItemViewController.m; sourceTree = "<group>"; };
		4858267018AA77E30099A71D /* v1ToDoListViewController.h */ = {isa = PBXFileReference; fileEncoding = 4; lastKnownFileType = sourcecode.c.h; path = v1ToDoListViewController.h; sourceTree = "<group>"; };
		4858267118AA77E30099A71D /* v1ToDoListViewController.m */ = {isa = PBXFileReference; fileEncoding = 4; lastKnownFileType = sourcecode.c.objc; path = v1ToDoListViewController.m; sourceTree = "<group>"; };
		4858267318AA79430099A71D /* v1ToDoItem.h */ = {isa = PBXFileReference; fileEncoding = 4; lastKnownFileType = sourcecode.c.h; path = v1ToDoItem.h; sourceTree = "<group>"; };
		4858267418AA79430099A71D /* v1ToDoItem.m */ = {isa = PBXFileReference; fileEncoding = 4; lastKnownFileType = sourcecode.c.objc; path = v1ToDoItem.m; sourceTree = "<group>"; };
/* End PBXFileReference section */

/* Begin PBXFrameworksBuildPhase section */
		4858263618AA69E70099A71D /* Frameworks */ = {
			isa = PBXFrameworksBuildPhase;
			buildActionMask = 2147483647;
			files = (
				4858263F18AA69E70099A71D /* CoreGraphics.framework in Frameworks */,
				4858264118AA69E70099A71D /* UIKit.framework in Frameworks */,
				4858263D18AA69E70099A71D /* Foundation.framework in Frameworks */,
			);
			runOnlyForDeploymentPostprocessing = 0;
		};
		4858265118AA69E80099A71D /* Frameworks */ = {
			isa = PBXFrameworksBuildPhase;
			buildActionMask = 2147483647;
			files = (
				4858265618AA69E80099A71D /* XCTest.framework in Frameworks */,
				4858265818AA69E80099A71D /* UIKit.framework in Frameworks */,
				4858265718AA69E80099A71D /* Foundation.framework in Frameworks */,
			);
			runOnlyForDeploymentPostprocessing = 0;
		};
/* End PBXFrameworksBuildPhase section */

/* Begin PBXGroup section */
		4858263018AA69E70099A71D = {
			isa = PBXGroup;
			children = (
				4858267318AA79430099A71D /* v1ToDoItem.h */,
				4858267418AA79430099A71D /* v1ToDoItem.m */,
				4858266B18AA6F220099A71D /* main.storyboard */,
				4858267018AA77E30099A71D /* v1ToDoListViewController.h */,
				4858267118AA77E30099A71D /* v1ToDoListViewController.m */,
				4858266D18AA777E0099A71D /* v1AddToDoItemViewController.h */,
				4858266E18AA777E0099A71D /* v1AddToDoItemViewController.m */,
				4858264218AA69E70099A71D /* ToDoList */,
				4858265B18AA69E80099A71D /* ToDoListTests */,
				4858263B18AA69E70099A71D /* Frameworks */,
				4858263A18AA69E70099A71D /* Products */,
			);
			sourceTree = "<group>";
		};
		4858263A18AA69E70099A71D /* Products */ = {
			isa = PBXGroup;
			children = (
				4858263918AA69E70099A71D /* ToDoList.app */,
				4858265418AA69E80099A71D /* ToDoListTests.xctest */,
			);
			name = Products;
			sourceTree = "<group>";
		};
		4858263B18AA69E70099A71D /* Frameworks */ = {
			isa = PBXGroup;
			children = (
				4858263C18AA69E70099A71D /* Foundation.framework */,
				4858263E18AA69E70099A71D /* CoreGraphics.framework */,
				4858264018AA69E70099A71D /* UIKit.framework */,
				4858265518AA69E80099A71D /* XCTest.framework */,
			);
			name = Frameworks;
			sourceTree = "<group>";
		};
		4858264218AA69E70099A71D /* ToDoList */ = {
			isa = PBXGroup;
			children = (
				4858264B18AA69E70099A71D /* v1AppDelegate.h */,
				4858264C18AA69E70099A71D /* v1AppDelegate.m */,
				4858264E18AA69E70099A71D /* Images.xcassets */,
				4858264318AA69E70099A71D /* Supporting Files */,
			);
			path = ToDoList;
			sourceTree = "<group>";
		};
		4858264318AA69E70099A71D /* Supporting Files */ = {
			isa = PBXGroup;
			children = (
				4858264418AA69E70099A71D /* ToDoList-Info.plist */,
				4858264518AA69E70099A71D /* InfoPlist.strings */,
				4858264818AA69E70099A71D /* main.m */,
				4858264A18AA69E70099A71D /* ToDoList-Prefix.pch */,
			);
			name = "Supporting Files";
			sourceTree = "<group>";
		};
		4858265B18AA69E80099A71D /* ToDoListTests */ = {
			isa = PBXGroup;
			children = (
				4858266118AA69E80099A71D /* ToDoListTests.m */,
				4858265C18AA69E80099A71D /* Supporting Files */,
			);
			path = ToDoListTests;
			sourceTree = "<group>";
		};
		4858265C18AA69E80099A71D /* Supporting Files */ = {
			isa = PBXGroup;
			children = (
				4858265D18AA69E80099A71D /* ToDoListTests-Info.plist */,
				4858265E18AA69E80099A71D /* InfoPlist.strings */,
			);
			name = "Supporting Files";
			sourceTree = "<group>";
		};
/* End PBXGroup section */

/* Begin PBXNativeTarget section */
		4858263818AA69E70099A71D /* ToDoList */ = {
			isa = PBXNativeTarget;
			buildConfigurationList = 4858266518AA69E80099A71D /* Build configuration list for PBXNativeTarget "ToDoList" */;
			buildPhases = (
				4858263518AA69E70099A71D /* Sources */,
				4858263618AA69E70099A71D /* Frameworks */,
				4858263718AA69E70099A71D /* Resources */,
			);
			buildRules = (
			);
			dependencies = (
			);
			name = ToDoList;
			productName = ToDoList;
			productReference = 4858263918AA69E70099A71D /* ToDoList.app */;
			productType = "com.apple.product-type.application";
		};
		4858265318AA69E80099A71D /* ToDoListTests */ = {
			isa = PBXNativeTarget;
			buildConfigurationList = 4858266818AA69E80099A71D /* Build configuration list for PBXNativeTarget "ToDoListTests" */;
			buildPhases = (
				4858265018AA69E80099A71D /* Sources */,
				4858265118AA69E80099A71D /* Frameworks */,
				4858265218AA69E80099A71D /* Resources */,
			);
			buildRules = (
			);
			dependencies = (
				4858265A18AA69E80099A71D /* PBXTargetDependency */,
			);
			name = ToDoListTests;
			productName = ToDoListTests;
			productReference = 4858265418AA69E80099A71D /* ToDoListTests.xctest */;
			productType = "com.apple.product-type.bundle.unit-test";
		};
/* End PBXNativeTarget section */

/* Begin PBXProject section */
		4858263118AA69E70099A71D /* Project object */ = {
			isa = PBXProject;
			attributes = {
				CLASSPREFIX = v1;
				LastUpgradeCheck = 0500;
				ORGANIZATIONNAME = "He Li";
				TargetAttributes = {
					4858265318AA69E80099A71D = {
						TestTargetID = 4858263818AA69E70099A71D;
					};
				};
			};
			buildConfigurationList = 4858263418AA69E70099A71D /* Build configuration list for PBXProject "ToDoList" */;
			compatibilityVersion = "Xcode 3.2";
			developmentRegion = English;
			hasScannedForEncodings = 0;
			knownRegions = (
				en,
			);
			mainGroup = 4858263018AA69E70099A71D;
			productRefGroup = 4858263A18AA69E70099A71D /* Products */;
			projectDirPath = "";
			projectRoot = "";
			targets = (
				4858263818AA69E70099A71D /* ToDoList */,
				4858265318AA69E80099A71D /* ToDoListTests */,
			);
		};
/* End PBXProject section */

/* Begin PBXResourcesBuildPhase section */
		4858263718AA69E70099A71D /* Resources */ = {
			isa = PBXResourcesBuildPhase;
			buildActionMask = 2147483647;
			files = (
				4858264718AA69E70099A71D /* InfoPlist.strings in Resources */,
				4858266C18AA6F220099A71D /* main.storyboard in Resources */,
				4858264F18AA69E70099A71D /* Images.xcassets in Resources */,
			);
			runOnlyForDeploymentPostprocessing = 0;
		};
		4858265218AA69E80099A71D /* Resources */ = {
			isa = PBXResourcesBuildPhase;
			buildActionMask = 2147483647;
			files = (
				4858266018AA69E80099A71D /* InfoPlist.strings in Resources */,
			);
			runOnlyForDeploymentPostprocessing = 0;
		};
/* End PBXResourcesBuildPhase section */

/* Begin PBXSourcesBuildPhase section */
		4858263518AA69E70099A71D /* Sources */ = {
			isa = PBXSourcesBuildPhase;
			buildActionMask = 2147483647;
			files = (
				4858267518AA79430099A71D /* v1ToDoItem.m in Sources */,
				4858264918AA69E70099A71D /* main.m in Sources */,
				4858267218AA77E30099A71D /* v1ToDoListViewController.m in Sources */,
				4858266F18AA777E0099A71D /* v1AddToDoItemViewController.m in Sources */,
				4858264D18AA69E70099A71D /* v1AppDelegate.m in Sources */,
			);
			runOnlyForDeploymentPostprocessing = 0;
		};
		4858265018AA69E80099A71D /* Sources */ = {
			isa = PBXSourcesBuildPhase;
			buildActionMask = 2147483647;
			files = (
				4858266218AA69E80099A71D /* ToDoListTests.m in Sources */,
			);
			runOnlyForDeploymentPostprocessing = 0;
		};
/* End PBXSourcesBuildPhase section */

/* Begin PBXTargetDependency section */
		4858265A18AA69E80099A71D /* PBXTargetDependency */ = {
			isa = PBXTargetDependency;
			target = 4858263818AA69E70099A71D /* ToDoList */;
			targetProxy = 4858265918AA69E80099A71D /* PBXContainerItemProxy */;
		};
/* End PBXTargetDependency section */

/* Begin PBXVariantGroup section */
		4858264518AA69E70099A71D /* InfoPlist.strings */ = {
			isa = PBXVariantGroup;
			children = (
				4858264618AA69E70099A71D /* en */,
			);
			name = InfoPlist.strings;
			sourceTree = "<group>";
		};
		4858265E18AA69E80099A71D /* InfoPlist.strings */ = {
			isa = PBXVariantGroup;
			children = (
				4858265F18AA69E80099A71D /* en */,
			);
			name = InfoPlist.strings;
			sourceTree = "<group>";
		};
/* End PBXVariantGroup section */

/* Begin XCBuildConfiguration section */
		4858266318AA69E80099A71D /* Debug */ = {
			isa = XCBuildConfiguration;
			buildSettings = {
				ALWAYS_SEARCH_USER_PATHS = NO;
				ARCHS = "$(ARCHS_STANDARD_INCLUDING_64_BIT)";
				CLANG_CXX_LANGUAGE_STANDARD = "gnu++0x";
				CLANG_CXX_LIBRARY = "libc++";
				CLANG_ENABLE_MODULES = YES;
				CLANG_ENABLE_OBJC_ARC = YES;
				CLANG_WARN_BOOL_CONVERSION = YES;
				CLANG_WARN_CONSTANT_CONVERSION = YES;
				CLANG_WARN_DIRECT_OBJC_ISA_USAGE = YES_ERROR;
				CLANG_WARN_EMPTY_BODY = YES;
				CLANG_WARN_ENUM_CONVERSION = YES;
				CLANG_WARN_INT_CONVERSION = YES;
				CLANG_WARN_OBJC_ROOT_CLASS = YES_ERROR;
				CLANG_WARN__DUPLICATE_METHOD_MATCH = YES;
				"CODE_SIGN_IDENTITY[sdk=iphoneos*]" = "iPhone Developer";
				COPY_PHASE_STRIP = NO;
				GCC_C_LANGUAGE_STANDARD = gnu99;
				GCC_DYNAMIC_NO_PIC = NO;
				GCC_OPTIMIZATION_LEVEL = 0;
				GCC_PREPROCESSOR_DEFINITIONS = (
					"DEBUG=1",
					"$(inherited)",
				);
				GCC_SYMBOLS_PRIVATE_EXTERN = NO;
				GCC_WARN_64_TO_32_BIT_CONVERSION = YES;
				GCC_WARN_ABOUT_RETURN_TYPE = YES_ERROR;
				GCC_WARN_UNDECLARED_SELECTOR = YES;
				GCC_WARN_UNINITIALIZED_AUTOS = YES;
				GCC_WARN_UNUSED_FUNCTION = YES;
				GCC_WARN_UNUSED_VARIABLE = YES;
				IPHONEOS_DEPLOYMENT_TARGET = 7.0;
				ONLY_ACTIVE_ARCH = YES;
				SDKROOT = iphoneos;
			};
			name = Debug;
		};
		4858266418AA69E80099A71D /* Release */ = {
			isa = XCBuildConfiguration;
			buildSettings = {
				ALWAYS_SEARCH_USER_PATHS = NO;
				ARCHS = "$(ARCHS_STANDARD_INCLUDING_64_BIT)";
				CLANG_CXX_LANGUAGE_STANDARD = "gnu++0x";
				CLANG_CXX_LIBRARY = "libc++";
				CLANG_ENABLE_MODULES = YES;
				CLANG_ENABLE_OBJC_ARC = YES;
				CLANG_WARN_BOOL_CONVERSION = YES;
				CLANG_WARN_CONSTANT_CONVERSION = YES;
				CLANG_WARN_DIRECT_OBJC_ISA_USAGE = YES_ERROR;
				CLANG_WARN_EMPTY_BODY = YES;
				CLANG_WARN_ENUM_CONVERSION = YES;
				CLANG_WARN_INT_CONVERSION = YES;
				CLANG_WARN_OBJC_ROOT_CLASS = YES_ERROR;
				CLANG_WARN__DUPLICATE_METHOD_MATCH = YES;
				"CODE_SIGN_IDENTITY[sdk=iphoneos*]" = "iPhone Developer";
				COPY_PHASE_STRIP = YES;
				ENABLE_NS_ASSERTIONS = NO;
				GCC_C_LANGUAGE_STANDARD = gnu99;
				GCC_WARN_64_TO_32_BIT_CONVERSION = YES;
				GCC_WARN_ABOUT_RETURN_TYPE = YES_ERROR;
				GCC_WARN_UNDECLARED_SELECTOR = YES;
				GCC_WARN_UNINITIALIZED_AUTOS = YES;
				GCC_WARN_UNUSED_FUNCTION = YES;
				GCC_WARN_UNUSED_VARIABLE = YES;
				IPHONEOS_DEPLOYMENT_TARGET = 7.0;
				SDKROOT = iphoneos;
				VALIDATE_PRODUCT = YES;
			};
			name = Release;
		};
		4858266618AA69E80099A71D /* Debug */ = {
			isa = XCBuildConfiguration;
			buildSettings = {
				ASSETCATALOG_COMPILER_APPICON_NAME = AppIcon;
				ASSETCATALOG_COMPILER_LAUNCHIMAGE_NAME = LaunchImage;
				CODE_SIGN_IDENTITY = "iPhone Developer";
				GCC_PRECOMPILE_PREFIX_HEADER = YES;
				GCC_PREFIX_HEADER = "ToDoList/ToDoList-Prefix.pch";
				INFOPLIST_FILE = "ToDoList/ToDoList-Info.plist";
				IPHONEOS_DEPLOYMENT_TARGET = 7.0;
				PRODUCT_NAME = "$(TARGET_NAME)";
				TARGETED_DEVICE_FAMILY = 1;
				WRAPPER_EXTENSION = app;
			};
			name = Debug;
		};
		4858266718AA69E80099A71D /* Release */ = {
			isa = XCBuildConfiguration;
			buildSettings = {
				ASSETCATALOG_COMPILER_APPICON_NAME = AppIcon;
				ASSETCATALOG_COMPILER_LAUNCHIMAGE_NAME = LaunchImage;
				CODE_SIGN_IDENTITY = "iPhone Developer";
				GCC_PRECOMPILE_PREFIX_HEADER = YES;
				GCC_PREFIX_HEADER = "ToDoList/ToDoList-Prefix.pch";
				INFOPLIST_FILE = "ToDoList/ToDoList-Info.plist";
				IPHONEOS_DEPLOYMENT_TARGET = 7.0;
				PRODUCT_NAME = "$(TARGET_NAME)";
				TARGETED_DEVICE_FAMILY = 1;
				WRAPPER_EXTENSION = app;
			};
			name = Release;
		};
		4858266918AA69E80099A71D /* Debug */ = {
			isa = XCBuildConfiguration;
			buildSettings = {
				ARCHS = "$(ARCHS_STANDARD_INCLUDING_64_BIT)";
				BUNDLE_LOADER = "$(BUILT_PRODUCTS_DIR)/ToDoList.app/ToDoList";
				FRAMEWORK_SEARCH_PATHS = (
					"$(SDKROOT)/Developer/Library/Frameworks",
					"$(inherited)",
					"$(DEVELOPER_FRAMEWORKS_DIR)",
				);
				GCC_PRECOMPILE_PREFIX_HEADER = YES;
				GCC_PREFIX_HEADER = "ToDoList/ToDoList-Prefix.pch";
				GCC_PREPROCESSOR_DEFINITIONS = (
					"DEBUG=1",
					"$(inherited)",
				);
				INFOPLIST_FILE = "ToDoListTests/ToDoListTests-Info.plist";
				PRODUCT_NAME = "$(TARGET_NAME)";
				TEST_HOST = "$(BUNDLE_LOADER)";
				WRAPPER_EXTENSION = xctest;
			};
			name = Debug;
		};
		4858266A18AA69E80099A71D /* Release */ = {
			isa = XCBuildConfiguration;
			buildSettings = {
				ARCHS = "$(ARCHS_STANDARD_INCLUDING_64_BIT)";
				BUNDLE_LOADER = "$(BUILT_PRODUCTS_DIR)/ToDoList.app/ToDoList";
				FRAMEWORK_SEARCH_PATHS = (
					"$(SDKROOT)/Developer/Library/Frameworks",
					"$(inherited)",
					"$(DEVELOPER_FRAMEWORKS_DIR)",
				);
				GCC_PRECOMPILE_PREFIX_HEADER = YES;
				GCC_PREFIX_HEADER = "ToDoList/ToDoList-Prefix.pch";
				INFOPLIST_FILE = "ToDoListTests/ToDoListTests-Info.plist";
				PRODUCT_NAME = "$(TARGET_NAME)";
				TEST_HOST = "$(BUNDLE_LOADER)";
				WRAPPER_EXTENSION = xctest;
			};
			name = Release;
		};
/* End XCBuildConfiguration section */

/* Begin XCConfigurationList section */
		4858263418AA69E70099A71D /* Build configuration list for PBXProject "ToDoList" */ = {
			isa = XCConfigurationList;
			buildConfigurations = (
				4858266318AA69E80099A71D /* Debug */,
				4858266418AA69E80099A71D /* Release */,
			);
			defaultConfigurationIsVisible = 0;
			defaultConfigurationName = Release;
		};
		4858266518AA69E80099A71D /* Build configuration list for PBXNativeTarget "ToDoList" */ = {
			isa = XCConfigurationList;
			buildConfigurations = (
				4858266618AA69E80099A71D /* Debug */,
				4858266718AA69E80099A71D /* Release */,
			);
			defaultConfigurationIsVisible = 0;
		};
		4858266818AA69E80099A71D /* Build configuration list for PBXNativeTarget "ToDoListTests" */ = {
			isa = XCConfigurationList;
			buildConfigurations = (
				4858266918AA69E80099A71D /* Debug */,
				4858266A18AA69E80099A71D /* Release */,
			);
			defaultConfigurationIsVisible = 0;
		};
/* End XCConfigurationList section */
	};
	rootObject = 4858263118AA69E70099A71D /* Project object */;
}
