// !$*UTF8*$!
{
	archiveVersion = 1;
	classes = {
	};
	objectVersion = 46;
	objects = {

/* Begin PBXBuildFile section */
		48E77C7118A800E900B622F1 /* Foundation.framework in Frameworks */ = {isa = PBXBuildFile; fileRef = 48E77C7018A800E900B622F1 /* Foundation.framework */; };
		48E77C7318A800E900B622F1 /* CoreGraphics.framework in Frameworks */ = {isa = PBXBuildFile; fileRef = 48E77C7218A800E900B622F1 /* CoreGraphics.framework */; };
		48E77C7518A800E900B622F1 /* UIKit.framework in Frameworks */ = {isa = PBXBuildFile; fileRef = 48E77C7418A800E900B622F1 /* UIKit.framework */; };
		48E77C7B18A800E900B622F1 /* InfoPlist.strings in Resources */ = {isa = PBXBuildFile; fileRef = 48E77C7918A800E900B622F1 /* InfoPlist.strings */; };
		48E77C7D18A800E900B622F1 /* main.m in Sources */ = {isa = PBXBuildFile; fileRef = 48E77C7C18A800E900B622F1 /* main.m */; };
		48E77C8118A800E900B622F1 /* helloworldAppDelegate.m in Sources */ = {isa = PBXBuildFile; fileRef = 48E77C8018A800E900B622F1 /* helloworldAppDelegate.m */; };
		48E77C8318A800E900B622F1 /* Images.xcassets in Resources */ = {isa = PBXBuildFile; fileRef = 48E77C8218A800E900B622F1 /* Images.xcassets */; };
		48E77C8A18A800E900B622F1 /* XCTest.framework in Frameworks */ = {isa = PBXBuildFile; fileRef = 48E77C8918A800E900B622F1 /* XCTest.framework */; };
		48E77C8B18A800E900B622F1 /* Foundation.framework in Frameworks */ = {isa = PBXBuildFile; fileRef = 48E77C7018A800E900B622F1 /* Foundation.framework */; };
		48E77C8C18A800E900B622F1 /* UIKit.framework in Frameworks */ = {isa = PBXBuildFile; fileRef = 48E77C7418A800E900B622F1 /* UIKit.framework */; };
		48E77C9418A800E900B622F1 /* InfoPlist.strings in Resources */ = {isa = PBXBuildFile; fileRef = 48E77C9218A800E900B622F1 /* InfoPlist.strings */; };
		48E77C9618A800E900B622F1 /* helloworldTests.m in Sources */ = {isa = PBXBuildFile; fileRef = 48E77C9518A800E900B622F1 /* helloworldTests.m */; };
/* End PBXBuildFile section */

/* Begin PBXContainerItemProxy section */
		48E77C8D18A800E900B622F1 /* PBXContainerItemProxy */ = {
			isa = PBXContainerItemProxy;
			containerPortal = 48E77C6518A800E900B622F1 /* Project object */;
			proxyType = 1;
			remoteGlobalIDString = 48E77C6C18A800E900B622F1;
			remoteInfo = helloworld;
		};
/* End PBXContainerItemProxy section */

/* Begin PBXFileReference section */
		48E77C6D18A800E900B622F1 /* helloworld.app */ = {isa = PBXFileReference; explicitFileType = wrapper.application; includeInIndex = 0; path = helloworld.app; sourceTree = BUILT_PRODUCTS_DIR; };
		48E77C7018A800E900B622F1 /* Foundation.framework */ = {isa = PBXFileReference; lastKnownFileType = wrapper.framework; name = Foundation.framework; path = System/Library/Frameworks/Foundation.framework; sourceTree = SDKROOT; };
		48E77C7218A800E900B622F1 /* CoreGraphics.framework */ = {isa = PBXFileReference; lastKnownFileType = wrapper.framework; name = CoreGraphics.framework; path = System/Library/Frameworks/CoreGraphics.framework; sourceTree = SDKROOT; };
		48E77C7418A800E900B622F1 /* UIKit.framework */ = {isa = PBXFileReference; lastKnownFileType = wrapper.framework; name = UIKit.framework; path = System/Library/Frameworks/UIKit.framework; sourceTree = SDKROOT; };
		48E77C7818A800E900B622F1 /* helloworld-Info.plist */ = {isa = PBXFileReference; lastKnownFileType = text.plist.xml; path = "helloworld-Info.plist"; sourceTree = "<group>"; };
		48E77C7A18A800E900B622F1 /* en */ = {isa = PBXFileReference; lastKnownFileType = text.plist.strings; name = en; path = en.lproj/InfoPlist.strings; sourceTree = "<group>"; };
		48E77C7C18A800E900B622F1 /* main.m */ = {isa = PBXFileReference; lastKnownFileType = sourcecode.c.objc; path = main.m; sourceTree = "<group>"; };
		48E77C7E18A800E900B622F1 /* helloworld-Prefix.pch */ = {isa = PBXFileReference; lastKnownFileType = sourcecode.c.h; path = "helloworld-Prefix.pch"; sourceTree = "<group>"; };
		48E77C7F18A800E900B622F1 /* helloworldAppDelegate.h */ = {isa = PBXFileReference; lastKnownFileType = sourcecode.c.h; path = helloworldAppDelegate.h; sourceTree = "<group>"; };
		48E77C8018A800E900B622F1 /* helloworldAppDelegate.m */ = {isa = PBXFileReference; lastKnownFileType = sourcecode.c.objc; path = helloworldAppDelegate.m; sourceTree = "<group>"; };
		48E77C8218A800E900B622F1 /* Images.xcassets */ = {isa = PBXFileReference; lastKnownFileType = folder.assetcatalog; path = Images.xcassets; sourceTree = "<group>"; };
		48E77C8818A800E900B622F1 /* helloworldTests.xctest */ = {isa = PBXFileReference; explicitFileType = wrapper.cfbundle; includeInIndex = 0; path = helloworldTests.xctest; sourceTree = BUILT_PRODUCTS_DIR; };
		48E77C8918A800E900B622F1 /* XCTest.framework */ = {isa = PBXFileReference; lastKnownFileType = wrapper.framework; name = XCTest.framework; path = Library/Frameworks/XCTest.framework; sourceTree = DEVELOPER_DIR; };
		48E77C9118A800E900B622F1 /* helloworldTests-Info.plist */ = {isa = PBXFileReference; lastKnownFileType = text.plist.xml; path = "helloworldTests-Info.plist"; sourceTree = "<group>"; };
		48E77C9318A800E900B622F1 /* en */ = {isa = PBXFileReference; lastKnownFileType = text.plist.strings; name = en; path = en.lproj/InfoPlist.strings; sourceTree = "<group>"; };
		48E77C9518A800E900B622F1 /* helloworldTests.m */ = {isa = PBXFileReference; lastKnownFileType = sourcecode.c.objc; path = helloworldTests.m; sourceTree = "<group>"; };
/* End PBXFileReference section */

/* Begin PBXFrameworksBuildPhase section */
		48E77C6A18A800E900B622F1 /* Frameworks */ = {
			isa = PBXFrameworksBuildPhase;
			buildActionMask = 2147483647;
			files = (
				48E77C7318A800E900B622F1 /* CoreGraphics.framework in Frameworks */,
				48E77C7518A800E900B622F1 /* UIKit.framework in Frameworks */,
				48E77C7118A800E900B622F1 /* Foundation.framework in Frameworks */,
			);
			runOnlyForDeploymentPostprocessing = 0;
		};
		48E77C8518A800E900B622F1 /* Frameworks */ = {
			isa = PBXFrameworksBuildPhase;
			buildActionMask = 2147483647;
			files = (
				48E77C8A18A800E900B622F1 /* XCTest.framework in Frameworks */,
				48E77C8C18A800E900B622F1 /* UIKit.framework in Frameworks */,
				48E77C8B18A800E900B622F1 /* Foundation.framework in Frameworks */,
			);
			runOnlyForDeploymentPostprocessing = 0;
		};
/* End PBXFrameworksBuildPhase section */

/* Begin PBXGroup section */
		48E77C6418A800E900B622F1 = {
			isa = PBXGroup;
			children = (
				48E77C7618A800E900B622F1 /* helloworld */,
				48E77C8F18A800E900B622F1 /* helloworldTests */,
				48E77C6F18A800E900B622F1 /* Frameworks */,
				48E77C6E18A800E900B622F1 /* Products */,
			);
			sourceTree = "<group>";
		};
		48E77C6E18A800E900B622F1 /* Products */ = {
			isa = PBXGroup;
			children = (
				48E77C6D18A800E900B622F1 /* helloworld.app */,
				48E77C8818A800E900B622F1 /* helloworldTests.xctest */,
			);
			name = Products;
			sourceTree = "<group>";
		};
		48E77C6F18A800E900B622F1 /* Frameworks */ = {
			isa = PBXGroup;
			children = (
				48E77C7018A800E900B622F1 /* Foundation.framework */,
				48E77C7218A800E900B622F1 /* CoreGraphics.framework */,
				48E77C7418A800E900B622F1 /* UIKit.framework */,
				48E77C8918A800E900B622F1 /* XCTest.framework */,
			);
			name = Frameworks;
			sourceTree = "<group>";
		};
		48E77C7618A800E900B622F1 /* helloworld */ = {
			isa = PBXGroup;
			children = (
				48E77C7F18A800E900B622F1 /* helloworldAppDelegate.h */,
				48E77C8018A800E900B622F1 /* helloworldAppDelegate.m */,
				48E77C8218A800E900B622F1 /* Images.xcassets */,
				48E77C7718A800E900B622F1 /* Supporting Files */,
			);
			path = helloworld;
			sourceTree = "<group>";
		};
		48E77C7718A800E900B622F1 /* Supporting Files */ = {
			isa = PBXGroup;
			children = (
				48E77C7818A800E900B622F1 /* helloworld-Info.plist */,
				48E77C7918A800E900B622F1 /* InfoPlist.strings */,
				48E77C7C18A800E900B622F1 /* main.m */,
				48E77C7E18A800E900B622F1 /* helloworld-Prefix.pch */,
			);
			name = "Supporting Files";
			sourceTree = "<group>";
		};
		48E77C8F18A800E900B622F1 /* helloworldTests */ = {
			isa = PBXGroup;
			children = (
				48E77C9518A800E900B622F1 /* helloworldTests.m */,
				48E77C9018A800E900B622F1 /* Supporting Files */,
			);
			path = helloworldTests;
			sourceTree = "<group>";
		};
		48E77C9018A800E900B622F1 /* Supporting Files */ = {
			isa = PBXGroup;
			children = (
				48E77C9118A800E900B622F1 /* helloworldTests-Info.plist */,
				48E77C9218A800E900B622F1 /* InfoPlist.strings */,
			);
			name = "Supporting Files";
			sourceTree = "<group>";
		};
/* End PBXGroup section */

/* Begin PBXNativeTarget section */
		48E77C6C18A800E900B622F1 /* helloworld */ = {
			isa = PBXNativeTarget;
			buildConfigurationList = 48E77C9918A800E900B622F1 /* Build configuration list for PBXNativeTarget "helloworld" */;
			buildPhases = (
				48E77C6918A800E900B622F1 /* Sources */,
				48E77C6A18A800E900B622F1 /* Frameworks */,
				48E77C6B18A800E900B622F1 /* Resources */,
			);
			buildRules = (
			);
			dependencies = (
			);
			name = helloworld;
			productName = helloworld;
			productReference = 48E77C6D18A800E900B622F1 /* helloworld.app */;
			productType = "com.apple.product-type.application";
		};
		48E77C8718A800E900B622F1 /* helloworldTests */ = {
			isa = PBXNativeTarget;
			buildConfigurationList = 48E77C9C18A800E900B622F1 /* Build configuration list for PBXNativeTarget "helloworldTests" */;
			buildPhases = (
				48E77C8418A800E900B622F1 /* Sources */,
				48E77C8518A800E900B622F1 /* Frameworks */,
				48E77C8618A800E900B622F1 /* Resources */,
			);
			buildRules = (
			);
			dependencies = (
				48E77C8E18A800E900B622F1 /* PBXTargetDependency */,
			);
			name = helloworldTests;
			productName = helloworldTests;
			productReference = 48E77C8818A800E900B622F1 /* helloworldTests.xctest */;
			productType = "com.apple.product-type.bundle.unit-test";
		};
/* End PBXNativeTarget section */

/* Begin PBXProject section */
		48E77C6518A800E900B622F1 /* Project object */ = {
			isa = PBXProject;
			attributes = {
				CLASSPREFIX = helloworld;
				LastUpgradeCheck = 0500;
				ORGANIZATIONNAME = "He Li";
				TargetAttributes = {
					48E77C8718A800E900B622F1 = {
						TestTargetID = 48E77C6C18A800E900B622F1;
					};
				};
			};
			buildConfigurationList = 48E77C6818A800E900B622F1 /* Build configuration list for PBXProject "helloworld" */;
			compatibilityVersion = "Xcode 3.2";
			developmentRegion = English;
			hasScannedForEncodings = 0;
			knownRegions = (
				en,
			);
			mainGroup = 48E77C6418A800E900B622F1;
			productRefGroup = 48E77C6E18A800E900B622F1 /* Products */;
			projectDirPath = "";
			projectRoot = "";
			targets = (
				48E77C6C18A800E900B622F1 /* helloworld */,
				48E77C8718A800E900B622F1 /* helloworldTests */,
			);
		};
/* End PBXProject section */

/* Begin PBXResourcesBuildPhase section */
		48E77C6B18A800E900B622F1 /* Resources */ = {
			isa = PBXResourcesBuildPhase;
			buildActionMask = 2147483647;
			files = (
				48E77C7B18A800E900B622F1 /* InfoPlist.strings in Resources */,
				48E77C8318A800E900B622F1 /* Images.xcassets in Resources */,
			);
			runOnlyForDeploymentPostprocessing = 0;
		};
		48E77C8618A800E900B622F1 /* Resources */ = {
			isa = PBXResourcesBuildPhase;
			buildActionMask = 2147483647;
			files = (
				48E77C9418A800E900B622F1 /* InfoPlist.strings in Resources */,
			);
			runOnlyForDeploymentPostprocessing = 0;
		};
/* End PBXResourcesBuildPhase section */

/* Begin PBXSourcesBuildPhase section */
		48E77C6918A800E900B622F1 /* Sources */ = {
			isa = PBXSourcesBuildPhase;
			buildActionMask = 2147483647;
			files = (
				48E77C8118A800E900B622F1 /* helloworldAppDelegate.m in Sources */,
				48E77C7D18A800E900B622F1 /* main.m in Sources */,
			);
			runOnlyForDeploymentPostprocessing = 0;
		};
		48E77C8418A800E900B622F1 /* Sources */ = {
			isa = PBXSourcesBuildPhase;
			buildActionMask = 2147483647;
			files = (
				48E77C9618A800E900B622F1 /* helloworldTests.m in Sources */,
			);
			runOnlyForDeploymentPostprocessing = 0;
		};
/* End PBXSourcesBuildPhase section */

/* Begin PBXTargetDependency section */
		48E77C8E18A800E900B622F1 /* PBXTargetDependency */ = {
			isa = PBXTargetDependency;
			target = 48E77C6C18A800E900B622F1 /* helloworld */;
			targetProxy = 48E77C8D18A800E900B622F1 /* PBXContainerItemProxy */;
		};
/* End PBXTargetDependency section */

/* Begin PBXVariantGroup section */
		48E77C7918A800E900B622F1 /* InfoPlist.strings */ = {
			isa = PBXVariantGroup;
			children = (
				48E77C7A18A800E900B622F1 /* en */,
			);
			name = InfoPlist.strings;
			sourceTree = "<group>";
		};
		48E77C9218A800E900B622F1 /* InfoPlist.strings */ = {
			isa = PBXVariantGroup;
			children = (
				48E77C9318A800E900B622F1 /* en */,
			);
			name = InfoPlist.strings;
			sourceTree = "<group>";
		};
/* End PBXVariantGroup section */

/* Begin XCBuildConfiguration section */
		48E77C9718A800E900B622F1 /* Debug */ = {
			isa = XCBuildConfiguration;
			buildSettings = {
				ALWAYS_SEARCH_USER_PATHS = NO;
				ARCHS = "$(ARCHS_STANDARD_INCLUDING_64_BIT)";
				CLANG_CXX_LANGUAGE_STANDARD = "gnu++0x";
				CLANG_CXX_LIBRARY = "libc++";
				CLANG_ENABLE_MODULES = YES;
				CLANG_ENABLE_OBJC_ARC = YES;
				CLANG_WARN_BOOL_CONVERSION = YES;
				CLANG_WARN_CONSTANT_CONVERSION = YES;
				CLANG_WARN_DIRECT_OBJC_ISA_USAGE = YES_ERROR;
				CLANG_WARN_EMPTY_BODY = YES;
				CLANG_WARN_ENUM_CONVERSION = YES;
				CLANG_WARN_INT_CONVERSION = YES;
				CLANG_WARN_OBJC_ROOT_CLASS = YES_ERROR;
				CLANG_WARN__DUPLICATE_METHOD_MATCH = YES;
				"CODE_SIGN_IDENTITY[sdk=iphoneos*]" = "iPhone Developer";
				COPY_PHASE_STRIP = NO;
				GCC_C_LANGUAGE_STANDARD = gnu99;
				GCC_DYNAMIC_NO_PIC = NO;
				GCC_OPTIMIZATION_LEVEL = 0;
				GCC_PREPROCESSOR_DEFINITIONS = (
					"DEBUG=1",
					"$(inherited)",
				);
				GCC_SYMBOLS_PRIVATE_EXTERN = NO;
				GCC_WARN_64_TO_32_BIT_CONVERSION = YES;
				GCC_WARN_ABOUT_RETURN_TYPE = YES_ERROR;
				GCC_WARN_UNDECLARED_SELECTOR = YES;
				GCC_WARN_UNINITIALIZED_AUTOS = YES;
				GCC_WARN_UNUSED_FUNCTION = YES;
				GCC_WARN_UNUSED_VARIABLE = YES;
				IPHONEOS_DEPLOYMENT_TARGET = 7.0;
				ONLY_ACTIVE_ARCH = YES;
				SDKROOT = iphoneos;
			};
			name = Debug;
		};
		48E77C9818A800E900B622F1 /* Release */ = {
			isa = XCBuildConfiguration;
			buildSettings = {
				ALWAYS_SEARCH_USER_PATHS = NO;
				ARCHS = "$(ARCHS_STANDARD_INCLUDING_64_BIT)";
				CLANG_CXX_LANGUAGE_STANDARD = "gnu++0x";
				CLANG_CXX_LIBRARY = "libc++";
				CLANG_ENABLE_MODULES = YES;
				CLANG_ENABLE_OBJC_ARC = YES;
				CLANG_WARN_BOOL_CONVERSION = YES;
				CLANG_WARN_CONSTANT_CONVERSION = YES;
				CLANG_WARN_DIRECT_OBJC_ISA_USAGE = YES_ERROR;
				CLANG_WARN_EMPTY_BODY = YES;
				CLANG_WARN_ENUM_CONVERSION = YES;
				CLANG_WARN_INT_CONVERSION = YES;
				CLANG_WARN_OBJC_ROOT_CLASS = YES_ERROR;
				CLANG_WARN__DUPLICATE_METHOD_MATCH = YES;
				"CODE_SIGN_IDENTITY[sdk=iphoneos*]" = "iPhone Developer";
				COPY_PHASE_STRIP = YES;
				ENABLE_NS_ASSERTIONS = NO;
				GCC_C_LANGUAGE_STANDARD = gnu99;
				GCC_WARN_64_TO_32_BIT_CONVERSION = YES;
				GCC_WARN_ABOUT_RETURN_TYPE = YES_ERROR;
				GCC_WARN_UNDECLARED_SELECTOR = YES;
				GCC_WARN_UNINITIALIZED_AUTOS = YES;
				GCC_WARN_UNUSED_FUNCTION = YES;
				GCC_WARN_UNUSED_VARIABLE = YES;
				IPHONEOS_DEPLOYMENT_TARGET = 7.0;
				SDKROOT = iphoneos;
				VALIDATE_PRODUCT = YES;
			};
			name = Release;
		};
		48E77C9A18A800E900B622F1 /* Debug */ = {
			isa = XCBuildConfiguration;
			buildSettings = {
				ASSETCATALOG_COMPILER_APPICON_NAME = AppIcon;
				ASSETCATALOG_COMPILER_LAUNCHIMAGE_NAME = LaunchImage;
				GCC_PRECOMPILE_PREFIX_HEADER = YES;
				GCC_PREFIX_HEADER = "helloworld/helloworld-Prefix.pch";
				INFOPLIST_FILE = "helloworld/helloworld-Info.plist";
				PRODUCT_NAME = "$(TARGET_NAME)";
				WRAPPER_EXTENSION = app;
			};
			name = Debug;
		};
		48E77C9B18A800E900B622F1 /* Release */ = {
			isa = XCBuildConfiguration;
			buildSettings = {
				ASSETCATALOG_COMPILER_APPICON_NAME = AppIcon;
				ASSETCATALOG_COMPILER_LAUNCHIMAGE_NAME = LaunchImage;
				GCC_PRECOMPILE_PREFIX_HEADER = YES;
				GCC_PREFIX_HEADER = "helloworld/helloworld-Prefix.pch";
				INFOPLIST_FILE = "helloworld/helloworld-Info.plist";
				PRODUCT_NAME = "$(TARGET_NAME)";
				WRAPPER_EXTENSION = app;
			};
			name = Release;
		};
		48E77C9D18A800E900B622F1 /* Debug */ = {
			isa = XCBuildConfiguration;
			buildSettings = {
				ARCHS = "$(ARCHS_STANDARD_INCLUDING_64_BIT)";
				BUNDLE_LOADER = "$(BUILT_PRODUCTS_DIR)/helloworld.app/helloworld";
				FRAMEWORK_SEARCH_PATHS = (
					"$(SDKROOT)/Developer/Library/Frameworks",
					"$(inherited)",
					"$(DEVELOPER_FRAMEWORKS_DIR)",
				);
				GCC_PRECOMPILE_PREFIX_HEADER = YES;
				GCC_PREFIX_HEADER = "helloworld/helloworld-Prefix.pch";
				GCC_PREPROCESSOR_DEFINITIONS = (
					"DEBUG=1",
					"$(inherited)",
				);
				INFOPLIST_FILE = "helloworldTests/helloworldTests-Info.plist";
				PRODUCT_NAME = "$(TARGET_NAME)";
				TEST_HOST = "$(BUNDLE_LOADER)";
				WRAPPER_EXTENSION = xctest;
			};
			name = Debug;
		};
		48E77C9E18A800E900B622F1 /* Release */ = {
			isa = XCBuildConfiguration;
			buildSettings = {
				ARCHS = "$(ARCHS_STANDARD_INCLUDING_64_BIT)";
				BUNDLE_LOADER = "$(BUILT_PRODUCTS_DIR)/helloworld.app/helloworld";
				FRAMEWORK_SEARCH_PATHS = (
					"$(SDKROOT)/Developer/Library/Frameworks",
					"$(inherited)",
					"$(DEVELOPER_FRAMEWORKS_DIR)",
				);
				GCC_PRECOMPILE_PREFIX_HEADER = YES;
				GCC_PREFIX_HEADER = "helloworld/helloworld-Prefix.pch";
				INFOPLIST_FILE = "helloworldTests/helloworldTests-Info.plist";
				PRODUCT_NAME = "$(TARGET_NAME)";
				TEST_HOST = "$(BUNDLE_LOADER)";
				WRAPPER_EXTENSION = xctest;
			};
			name = Release;
		};
/* End XCBuildConfiguration section */

/* Begin XCConfigurationList section */
		48E77C6818A800E900B622F1 /* Build configuration list for PBXProject "helloworld" */ = {
			isa = XCConfigurationList;
			buildConfigurations = (
				48E77C9718A800E900B622F1 /* Debug */,
				48E77C9818A800E900B622F1 /* Release */,
			);
			defaultConfigurationIsVisible = 0;
			defaultConfigurationName = Release;
		};
		48E77C9918A800E900B622F1 /* Build configuration list for PBXNativeTarget "helloworld" */ = {
			isa = XCConfigurationList;
			buildConfigurations = (
				48E77C9A18A800E900B622F1 /* Debug */,
				48E77C9B18A800E900B622F1 /* Release */,
			);
			defaultConfigurationIsVisible = 0;
		};
		48E77C9C18A800E900B622F1 /* Build configuration list for PBXNativeTarget "helloworldTests" */ = {
			isa = XCConfigurationList;
			buildConfigurations = (
				48E77C9D18A800E900B622F1 /* Debug */,
				48E77C9E18A800E900B622F1 /* Release */,
			);
			defaultConfigurationIsVisible = 0;
		};
/* End XCConfigurationList section */
	};
	rootObject = 48E77C6518A800E900B622F1 /* Project object */;
}
